
Microsoft Visual Studio Solution File, Format Version 12.00
# Visual Studio 2013
VisualStudioVersion = 12.0.30723.0
MinimumVisualStudioVersion = 10.0.40219.1
Project("{2150E333-8FDC-42A3-9474-1A3956D46DE8}") = "Solution Items", "Solution Items", "{9C79DADC-9E9A-489F-B1A4-966355F9880E}"
EndProject
Project("{E24C65DC-7377-472B-9ABA-BC803B73C61A}") = "imd412", "http://localhost:50118", "{14B57D93-E378-4C81-9625-4D395B8AEC94}"
	ProjectSection(WebsiteProperties) = preProject
		UseIISExpress = "true"
		TargetFrameworkMoniker = ".NETFramework,Version%3Dv4.0"
		Debug.AspNetCompiler.VirtualPath = "/localhost_50118"
		Debug.AspNetCompiler.PhysicalPath = "..\imd412\"
		Debug.AspNetCompiler.TargetPath = "PrecompiledWeb\localhost_50118\"
		Debug.AspNetCompiler.Updateable = "true"
		Debug.AspNetCompiler.ForceOverwrite = "true"
		Debug.AspNetCompiler.FixedNames = "false"
		Debug.AspNetCompiler.Debug = "True"
		Release.AspNetCompiler.VirtualPath = "/localhost_50118"
		Release.AspNetCompiler.PhysicalPath = "..\imd412\"
		Release.AspNetCompiler.TargetPath = "PrecompiledWeb\localhost_50118\"
		Release.AspNetCompiler.Updateable = "true"
		Release.AspNetCompiler.ForceOverwrite = "true"
		Release.AspNetCompiler.FixedNames = "false"
		Release.AspNetCompiler.Debug = "False"
		SlnRelativePath = "..\imd412\"
	EndProjectSection
EndProject
Global
	GlobalSection(SolutionConfigurationPlatforms) = preSolution
		Debug|Any CPU = Debug|Any CPU
	EndGlobalSection
	GlobalSection(ProjectConfigurationPlatforms) = postSolution
		{14B57D93-E378-4C81-9625-4D395B8AEC94}.Debug|Any CPU.ActiveCfg = Debug|Any CPU
		{14B57D93-E378-4C81-9625-4D395B8AEC94}.Debug|Any CPU.Build.0 = Debug|Any CPU
	EndGlobalSection
	GlobalSection(SolutionProperties) = preSolution
		HideSolutionNode = FALSE
	EndGlobalSection
EndGlobal
